// !$*UTF8*$!
{
	archiveVersion = 1;
	classes = {
	};
	objectVersion = 77;
	objects = {

/* Begin PBXContainerItemProxy section */
		040B642B2E52D5BC005307E1 /* PBXContainerItemProxy */ = {
			isa = PBXContainerItemProxy;
			containerPortal = 040B64132E52D5B3005307E1 /* Project object */;
			proxyType = 1;
			remoteGlobalIDString = 040B641A2E52D5B3005307E1;
			remoteInfo = SafeDriverNote;
		};
		040B64352E52D5BC005307E1 /* PBXContainerItemProxy */ = {
			isa = PBXContainerItemProxy;
			containerPortal = 040B64132E52D5B3005307E1 /* Project object */;
			proxyType = 1;
			remoteGlobalIDString = 040B641A2E52D5B3005307E1;
			remoteInfo = SafeDriverNote;
		};
/* End PBXContainerItemProxy section */

/* Begin PBXFileReference section */
		040B641B2E52D5B3005307E1 /* SafeDriverNote.app */ = {isa = PBXFileReference; explicitFileType = wrapper.application; includeInIndex = 0; path = SafeDriverNote.app; sourceTree = BUILT_PRODUCTS_DIR; };
		040B642A2E52D5BC005307E1 /* SafeDriverNoteTests.xctest */ = {isa = PBXFileReference; explicitFileType = wrapper.cfbundle; includeInIndex = 0; path = SafeDriverNoteTests.xctest; sourceTree = BUILT_PRODUCTS_DIR; };
		040B64342E52D5BC005307E1 /* SafeDriverNoteUITests.xctest */ = {isa = PBXFileReference; explicitFileType = wrapper.cfbundle; includeInIndex = 0; path = SafeDriverNoteUITests.xctest; sourceTree = BUILT_PRODUCTS_DIR; };
/* End PBXFileReference section */

/* Begin PBXFileSystemSynchronizedRootGroup section */
		040B641D2E52D5B3005307E1 /* SafeDriverNote */ = {
			isa = PBXFileSystemSynchronizedRootGroup;
			path = SafeDriverNote;
			sourceTree = "<group>";
		};
		040B642D2E52D5BC005307E1 /* SafeDriverNoteTests */ = {
			isa = PBXFileSystemSynchronizedRootGroup;
			path = SafeDriverNoteTests;
			sourceTree = "<group>";
		};
		040B64372E52D5BC005307E1 /* SafeDriverNoteUITests */ = {
			isa = PBXFileSystemSynchronizedRootGroup;
			path = SafeDriverNoteUITests;
			sourceTree = "<group>";
		};
/* End PBXFileSystemSynchronizedRootGroup section */

/* Begin PBXFrameworksBuildPhase section */
		040B64182E52D5B3005307E1 /* Frameworks */ = {
			isa = PBXFrameworksBuildPhase;
			buildActionMask = 2147483647;
			files = (
			);
			runOnlyForDeploymentPostprocessing = 0;
		};
		040B64272E52D5BC005307E1 /* Frameworks */ = {
			isa = PBXFrameworksBuildPhase;
			buildActionMask = 2147483647;
			files = (
			);
			runOnlyForDeploymentPostprocessing = 0;
		};
		040B64312E52D5BC005307E1 /* Frameworks */ = {
			isa = PBXFrameworksBuildPhase;
			buildActionMask = 2147483647;
			files = (
			);
			runOnlyForDeploymentPostprocessing = 0;
		};
/* End PBXFrameworksBuildPhase section */

/* Begin PBXGroup section */
		040B64122E52D5B3005307E1 = {
			isa = PBXGroup;
			children = (
				040B641D2E52D5B3005307E1 /* SafeDriverNote */,
				040B642D2E52D5BC005307E1 /* SafeDriverNoteTests */,
				040B64372E52D5BC005307E1 /* SafeDriverNoteUITests */,
				040B641C2E52D5B3005307E1 /* Products */,
			);
			sourceTree = "<group>";
		};
		040B641C2E52D5B3005307E1 /* Products */ = {
			isa = PBXGroup;
			children = (
				040B641B2E52D5B3005307E1 /* SafeDriverNote.app */,
				040B642A2E52D5BC005307E1 /* SafeDriverNoteTests.xctest */,
				040B64342E52D5BC005307E1 /* SafeDriverNoteUITests.xctest */,
			);
			name = Products;
			sourceTree = "<group>";
		};
/* End PBXGroup section */

/* Begin PBXNativeTarget section */
		040B641A2E52D5B3005307E1 /* SafeDriverNote */ = {
			isa = PBXNativeTarget;
			buildConfigurationList = 040B643E2E52D5BC005307E1 /* Build configuration list for PBXNativeTarget "SafeDriverNote" */;
			buildPhases = (
				040B64172E52D5B3005307E1 /* Sources */,
				040B64182E52D5B3005307E1 /* Frameworks */,
				040B64192E52D5B3005307E1 /* Resources */,
			);
			buildRules = (
			);
			dependencies = (
			);
			fileSystemSynchronizedGroups = (
				040B641D2E52D5B3005307E1 /* SafeDriverNote */,
			);
			name = SafeDriverNote;
			packageProductDependencies = (
			);
			productName = SafeDriverNote;
			productReference = 040B641B2E52D5B3005307E1 /* SafeDriverNote.app */;
			productType = "com.apple.product-type.application";
		};
		040B64292E52D5BC005307E1 /* SafeDriverNoteTests */ = {
			isa = PBXNativeTarget;
			buildConfigurationList = 040B64412E52D5BC005307E1 /* Build configuration list for PBXNativeTarget "SafeDriverNoteTests" */;
			buildPhases = (
				040B64262E52D5BC005307E1 /* Sources */,
				040B64272E52D5BC005307E1 /* Frameworks */,
				040B64282E52D5BC005307E1 /* Resources */,
			);
			buildRules = (
			);
			dependencies = (
				040B642C2E52D5BC005307E1 /* PBXTargetDependency */,
			);
			fileSystemSynchronizedGroups = (
				040B642D2E52D5BC005307E1 /* SafeDriverNoteTests */,
			);
			name = SafeDriverNoteTests;
			packageProductDependencies = (
			);
			productName = SafeDriverNoteTests;
			productReference = 040B642A2E52D5BC005307E1 /* SafeDriverNoteTests.xctest */;
			productType = "com.apple.product-type.bundle.unit-test";
		};
		040B64332E52D5BC005307E1 /* SafeDriverNoteUITests */ = {
			isa = PBXNativeTarget;
			buildConfigurationList = 040B64442E52D5BC005307E1 /* Build configuration list for PBXNativeTarget "SafeDriverNoteUITests" */;
			buildPhases = (
				040B64302E52D5BC005307E1 /* Sources */,
				040B64312E52D5BC005307E1 /* Frameworks */,
				040B64322E52D5BC005307E1 /* Resources */,
			);
			buildRules = (
			);
			dependencies = (
				040B64362E52D5BC005307E1 /* PBXTargetDependency */,
			);
			fileSystemSynchronizedGroups = (
				040B64372E52D5BC005307E1 /* SafeDriverNoteUITests */,
			);
			name = SafeDriverNoteUITests;
			packageProductDependencies = (
			);
			productName = SafeDriverNoteUITests;
			productReference = 040B64342E52D5BC005307E1 /* SafeDriverNoteUITests.xctest */;
			productType = "com.apple.product-type.bundle.ui-testing";
		};
/* End PBXNativeTarget section */

/* Begin PBXProject section */
		040B64132E52D5B3005307E1 /* Project object */ = {
			isa = PBXProject;
			attributes = {
				BuildIndependentTargetsInParallel = 1;
				LastSwiftUpdateCheck = 1640;
				LastUpgradeCheck = 1640;
				TargetAttributes = {
					040B641A2E52D5B3005307E1 = {
						CreatedOnToolsVersion = 16.4;
					};
					040B64292E52D5BC005307E1 = {
						CreatedOnToolsVersion = 16.4;
						TestTargetID = 040B641A2E52D5B3005307E1;
					};
					040B64332E52D5BC005307E1 = {
						CreatedOnToolsVersion = 16.4;
						TestTargetID = 040B641A2E52D5B3005307E1;
					};
				};
			};
			buildConfigurationList = 040B64162E52D5B3005307E1 /* Build configuration list for PBXProject "SafeDriverNote" */;
			developmentRegion = en;
			hasScannedForEncodings = 0;
			knownRegions = (
				en,
				Base,
			);
			mainGroup = 040B64122E52D5B3005307E1;
			minimizedProjectReferenceProxies = 1;
			preferredProjectObjectVersion = 77;
			productRefGroup = 040B641C2E52D5B3005307E1 /* Products */;
			projectDirPath = "";
			projectRoot = "";
			targets = (
				040B641A2E52D5B3005307E1 /* SafeDriverNote */,
				040B64292E52D5BC005307E1 /* SafeDriverNoteTests */,
				040B64332E52D5BC005307E1 /* SafeDriverNoteUITests */,
			);
		};
/* End PBXProject section */

/* Begin PBXResourcesBuildPhase section */
		040B64192E52D5B3005307E1 /* Resources */ = {
			isa = PBXResourcesBuildPhase;
			buildActionMask = 2147483647;
			files = (
			);
			runOnlyForDeploymentPostprocessing = 0;
		};
		040B64282E52D5BC005307E1 /* Resources */ = {
			isa = PBXResourcesBuildPhase;
			buildActionMask = 2147483647;
			files = (
			);
			runOnlyForDeploymentPostprocessing = 0;
		};
		040B64322E52D5BC005307E1 /* Resources */ = {
			isa = PBXResourcesBuildPhase;
			buildActionMask = 2147483647;
			files = (
			);
			runOnlyForDeploymentPostprocessing = 0;
		};
/* End PBXResourcesBuildPhase section */

/* Begin PBXSourcesBuildPhase section */
		040B64172E52D5B3005307E1 /* Sources */ = {
			isa = PBXSourcesBuildPhase;
			buildActionMask = 2147483647;
			files = (
			);
			runOnlyForDeploymentPostprocessing = 0;
		};
		040B64262E52D5BC005307E1 /* Sources */ = {
			isa = PBXSourcesBuildPhase;
			buildActionMask = 2147483647;
			files = (
			);
			runOnlyForDeploymentPostprocessing = 0;
		};
		040B64302E52D5BC005307E1 /* Sources */ = {
			isa = PBXSourcesBuildPhase;
			buildActionMask = 2147483647;
			files = (
			);
			runOnlyForDeploymentPostprocessing = 0;
		};
/* End PBXSourcesBuildPhase section */

/* Begin PBXTargetDependency section */
		040B642C2E52D5BC005307E1 /* PBXTargetDependency */ = {
			isa = PBXTargetDependency;
			target = 040B641A2E52D5B3005307E1 /* SafeDriverNote */;
			targetProxy = 040B642B2E52D5BC005307E1 /* PBXContainerItemProxy */;
		};
		040B64362E52D5BC005307E1 /* PBXTargetDependency */ = {
			isa = PBXTargetDependency;
			target = 040B641A2E52D5B3005307E1 /* SafeDriverNote */;
			targetProxy = 040B64352E52D5BC005307E1 /* PBXContainerItemProxy */;
		};
/* End PBXTargetDependency section */

/* Begin XCBuildConfiguration section */
		040B643C2E52D5BC005307E1 /* Debug */ = {
			isa = XCBuildConfiguration;
			buildSettings = {
				ALWAYS_SEARCH_USER_PATHS = NO;
				ASSETCATALOG_COMPILER_GENERATE_SWIFT_ASSET_SYMBOL_EXTENSIONS = YES;
				CLANG_ANALYZER_NONNULL = YES;
				CLANG_ANALYZER_NUMBER_OBJECT_CONVERSION = YES_AGGRESSIVE;
				CLANG_CXX_LANGUAGE_STANDARD = "gnu++20";
				CLANG_ENABLE_MODULES = YES;
				CLANG_ENABLE_OBJC_ARC = YES;
				CLANG_ENABLE_OBJC_WEAK = YES;
				CLANG_WARN_BLOCK_CAPTURE_AUTORELEASING = YES;
				CLANG_WARN_BOOL_CONVERSION = YES;
				CLANG_WARN_COMMA = YES;
				CLANG_WARN_CONSTANT_CONVERSION = YES;
				CLANG_WARN_DEPRECATED_OBJC_IMPLEMENTATIONS = YES;
				CLANG_WARN_DIRECT_OBJC_ISA_USAGE = YES_ERROR;
				CLANG_WARN_DOCUMENTATION_COMMENTS = YES;
				CLANG_WARN_EMPTY_BODY = YES;
				CLANG_WARN_ENUM_CONVERSION = YES;
				CLANG_WARN_INFINITE_RECURSION = YES;
				CLANG_WARN_INT_CONVERSION = YES;
				CLANG_WARN_NON_LITERAL_NULL_CONVERSION = YES;
				CLANG_WARN_OBJC_IMPLICIT_RETAIN_SELF = YES;
				CLANG_WARN_OBJC_LITERAL_CONVERSION = YES;
				CLANG_WARN_OBJC_ROOT_CLASS = YES_ERROR;
				CLANG_WARN_QUOTED_INCLUDE_IN_FRAMEWORK_HEADER = YES;
				CLANG_WARN_RANGE_LOOP_ANALYSIS = YES;
				CLANG_WARN_STRICT_PROTOTYPES = YES;
				CLANG_WARN_SUSPICIOUS_MOVE = YES;
				CLANG_WARN_UNGUARDED_AVAILABILITY = YES_AGGRESSIVE;
				CLANG_WARN_UNREACHABLE_CODE = YES;
				CLANG_WARN__DUPLICATE_METHOD_MATCH = YES;
				COPY_PHASE_STRIP = NO;
				DEBUG_INFORMATION_FORMAT = dwarf;
				ENABLE_STRICT_OBJC_MSGSEND = YES;
				ENABLE_TESTABILITY = YES;
				ENABLE_USER_SCRIPT_SANDBOXING = YES;
				GCC_C_LANGUAGE_STANDARD = gnu17;
				GCC_DYNAMIC_NO_PIC = NO;
				GCC_NO_COMMON_BLOCKS = YES;
				GCC_OPTIMIZATION_LEVEL = 0;
				GCC_PREPROCESSOR_DEFINITIONS = (
					"DEBUG=1",
					"$(inherited)",
				);
				GCC_WARN_64_TO_32_BIT_CONVERSION = YES;
				GCC_WARN_ABOUT_RETURN_TYPE = YES_ERROR;
				GCC_WARN_UNDECLARED_SELECTOR = YES;
				GCC_WARN_UNINITIALIZED_AUTOS = YES_AGGRESSIVE;
				GCC_WARN_UNUSED_FUNCTION = YES;
				GCC_WARN_UNUSED_VARIABLE = YES;
				IPHONEOS_DEPLOYMENT_TARGET = 18.5;
				LOCALIZATION_PREFERS_STRING_CATALOGS = YES;
				MTL_ENABLE_DEBUG_INFO = INCLUDE_SOURCE;
				MTL_FAST_MATH = YES;
				ONLY_ACTIVE_ARCH = YES;
				SDKROOT = iphoneos;
				SWIFT_ACTIVE_COMPILATION_CONDITIONS = "DEBUG $(inherited)";
				SWIFT_OPTIMIZATION_LEVEL = "-Onone";
			};
			name = Debug;
		};
		040B643D2E52D5BC005307E1 /* Release */ = {
			isa = XCBuildConfiguration;
			buildSettings = {
				ALWAYS_SEARCH_USER_PATHS = NO;
				ASSETCATALOG_COMPILER_GENERATE_SWIFT_ASSET_SYMBOL_EXTENSIONS = YES;
				CLANG_ANALYZER_NONNULL = YES;
				CLANG_ANALYZER_NUMBER_OBJECT_CONVERSION = YES_AGGRESSIVE;
				CLANG_CXX_LANGUAGE_STANDARD = "gnu++20";
				CLANG_ENABLE_MODULES = YES;
				CLANG_ENABLE_OBJC_ARC = YES;
				CLANG_ENABLE_OBJC_WEAK = YES;
				CLANG_WARN_BLOCK_CAPTURE_AUTORELEASING = YES;
				CLANG_WARN_BOOL_CONVERSION = YES;
				CLANG_WARN_COMMA = YES;
				CLANG_WARN_CONSTANT_CONVERSION = YES;
				CLANG_WARN_DEPRECATED_OBJC_IMPLEMENTATIONS = YES;
				CLANG_WARN_DIRECT_OBJC_ISA_USAGE = YES_ERROR;
				CLANG_WARN_DOCUMENTATION_COMMENTS = YES;
				CLANG_WARN_EMPTY_BODY = YES;
				CLANG_WARN_ENUM_CONVERSION = YES;
				CLANG_WARN_INFINITE_RECURSION = YES;
				CLANG_WARN_INT_CONVERSION = YES;
				CLANG_WARN_NON_LITERAL_NULL_CONVERSION = YES;
				CLANG_WARN_OBJC_IMPLICIT_RETAIN_SELF = YES;
				CLANG_WARN_OBJC_LITERAL_CONVERSION = YES;
				CLANG_WARN_OBJC_ROOT_CLASS = YES_ERROR;
				CLANG_WARN_QUOTED_INCLUDE_IN_FRAMEWORK_HEADER = YES;
				CLANG_WARN_RANGE_LOOP_ANALYSIS = YES;
				CLANG_WARN_STRICT_PROTOTYPES = YES;
				CLANG_WARN_SUSPICIOUS_MOVE = YES;
				CLANG_WARN_UNGUARDED_AVAILABILITY = YES_AGGRESSIVE;
				CLANG_WARN_UNREACHABLE_CODE = YES;
				CLANG_WARN__DUPLICATE_METHOD_MATCH = YES;
				COPY_PHASE_STRIP = NO;
				DEBUG_INFORMATION_FORMAT = "dwarf-with-dsym";
				ENABLE_NS_ASSERTIONS = NO;
				ENABLE_STRICT_OBJC_MSGSEND = YES;
				ENABLE_USER_SCRIPT_SANDBOXING = YES;
				GCC_C_LANGUAGE_STANDARD = gnu17;
				GCC_NO_COMMON_BLOCKS = YES;
				GCC_WARN_64_TO_32_BIT_CONVERSION = YES;
				GCC_WARN_ABOUT_RETURN_TYPE = YES_ERROR;
				GCC_WARN_UNDECLARED_SELECTOR = YES;
				GCC_WARN_UNINITIALIZED_AUTOS = YES_AGGRESSIVE;
				GCC_WARN_UNUSED_FUNCTION = YES;
				GCC_WARN_UNUSED_VARIABLE = YES;
				IPHONEOS_DEPLOYMENT_TARGET = 18.5;
				LOCALIZATION_PREFERS_STRING_CATALOGS = YES;
				MTL_ENABLE_DEBUG_INFO = NO;
				MTL_FAST_MATH = YES;
				SDKROOT = iphoneos;
				SWIFT_COMPILATION_MODE = wholemodule;
				VALIDATE_PRODUCT = YES;
			};
			name = Release;
		};
		040B643F2E52D5BC005307E1 /* Debug */ = {
			isa = XCBuildConfiguration;
			buildSettings = {
				ASSETCATALOG_COMPILER_APPICON_NAME = AppIcon;
				ASSETCATALOG_COMPILER_GLOBAL_ACCENT_COLOR_NAME = AccentColor;
				ASSETCATALOG_COMPILER_INCLUDE_ALL_APPICON_ASSETS = NO;
				CODE_SIGN_STYLE = Automatic;
				CURRENT_PROJECT_VERSION = 1;
				DEVELOPMENT_TEAM = L2S3Q4VNNN;
				ENABLE_PREVIEWS = YES;
				GENERATE_INFOPLIST_FILE = YES;
				INFOPLIST_KEY_CFBundleDisplayName = "安全驾驶日记";
				INFOPLIST_KEY_NSCameraUsageDescription = "更换头像时需要使用摄像头拍照。";
				INFOPLIST_KEY_NSLocationAlwaysAndWhenInUseUsageDescription = "为保证行程记录的完整性，我们会在后台持续记录行驶路线位置。";
				INFOPLIST_KEY_NSLocationWhenInUseUsageDescription = "我们需要位置权限来为您的驾驶日志和打卡记录自动标记地点，帮助您更好地记录驾驶经历。";
				INFOPLIST_KEY_NSMicrophoneUsageDescription = "用于语音记录与语音识别，帮助您快速添加日志。";
				INFOPLIST_KEY_NSPhotoLibraryUsageDescription = "用于选择或更新您的头像照片。";
				INFOPLIST_KEY_NSSpeechRecognitionUsageDescription = "用于将您的语音转换为文本，便于AI整理日志内容。";
				INFOPLIST_KEY_UIBackgroundModes = location;
				INFOPLIST_KEY_UILaunchScreen_Generation = YES;
				INFOPLIST_KEY_UISupportedInterfaceOrientations = "UIInterfaceOrientationPortrait UIInterfaceOrientationPortraitUpsideDown";
				INFOPLIST_KEY_UISupportedInterfaceOrientations_iPad = "UIInterfaceOrientationLandscapeLeft UIInterfaceOrientationLandscapeRight UIInterfaceOrientationPortrait UIInterfaceOrientationPortraitUpsideDown";
				LD_RUNPATH_SEARCH_PATHS = (
					"$(inherited)",
					"@executable_path/Frameworks",
				);
				MARKETING_VERSION = 1.0;
				PRODUCT_BUNDLE_IDENTIFIER = com.chenyuanqi.SafeDriverNote;
				PRODUCT_NAME = "$(TARGET_NAME)";
				SWIFT_EMIT_LOC_STRINGS = YES;
				SWIFT_VERSION = 5.0;
				TARGETED_DEVICE_FAMILY = "1,2";
			};
			name = Debug;
		};
		040B64402E52D5BC005307E1 /* Release */ = {
			isa = XCBuildConfiguration;
			buildSettings = {
				ASSETCATALOG_COMPILER_APPICON_NAME = AppIcon;
				ASSETCATALOG_COMPILER_GLOBAL_ACCENT_COLOR_NAME = AccentColor;
				ASSETCATALOG_COMPILER_INCLUDE_ALL_APPICON_ASSETS = NO;
				CODE_SIGN_STYLE = Automatic;
				CURRENT_PROJECT_VERSION = 1;
				DEVELOPMENT_TEAM = L2S3Q4VNNN;
				ENABLE_PREVIEWS = YES;
				GENERATE_INFOPLIST_FILE = YES;
				INFOPLIST_KEY_CFBundleDisplayName = "安全驾驶日记";
				INFOPLIST_KEY_NSCameraUsageDescription = "更换头像时需要使用摄像头拍照。";
				INFOPLIST_KEY_NSLocationAlwaysAndWhenInUseUsageDescription = "为保证行程记录的完整性，我们会在后台持续记录行驶路线位置。";
				INFOPLIST_KEY_NSLocationWhenInUseUsageDescription = "我们需要位置权限来为您的驾驶日志和打卡记录自动标记地点，帮助您更好地记录驾驶经历。";
				INFOPLIST_KEY_NSMicrophoneUsageDescription = "用于语音记录与语音识别，帮助您快速添加日志。";
				INFOPLIST_KEY_NSPhotoLibraryUsageDescription = "用于选择或更新您的头像照片。";
				INFOPLIST_KEY_NSSpeechRecognitionUsageDescription = "用于将您的语音转换为文本，便于AI整理日志内容。";
				INFOPLIST_KEY_UIBackgroundModes = location;
				INFOPLIST_KEY_UILaunchScreen_Generation = YES;
				INFOPLIST_KEY_UISupportedInterfaceOrientations = "UIInterfaceOrientationPortrait UIInterfaceOrientationPortraitUpsideDown";
				INFOPLIST_KEY_UISupportedInterfaceOrientations_iPad = "UIInterfaceOrientationLandscapeLeft UIInterfaceOrientationLandscapeRight UIInterfaceOrientationPortrait UIInterfaceOrientationPortraitUpsideDown";
				LD_RUNPATH_SEARCH_PATHS = (
					"$(inherited)",
					"@executable_path/Frameworks",
				);
				MARKETING_VERSION = 1.0;
				PRODUCT_BUNDLE_IDENTIFIER = com.chenyuanqi.SafeDriverNote;
				PRODUCT_NAME = "$(TARGET_NAME)";
				SWIFT_EMIT_LOC_STRINGS = YES;
				SWIFT_VERSION = 5.0;
				TARGETED_DEVICE_FAMILY = "1,2";
			};
			name = Release;
		};
		040B64422E52D5BC005307E1 /* Debug */ = {
			isa = XCBuildConfiguration;
			buildSettings = {
				BUNDLE_LOADER = "$(TEST_HOST)";
				CODE_SIGN_STYLE = Automatic;
				CURRENT_PROJECT_VERSION = 1;
				GENERATE_INFOPLIST_FILE = YES;
				IPHONEOS_DEPLOYMENT_TARGET = 18.5;
				MARKETING_VERSION = 1.0;
				PRODUCT_BUNDLE_IDENTIFIER = com.chenyuanqi.SafeDriverNoteTests;
				PRODUCT_NAME = "$(TARGET_NAME)";
				SWIFT_EMIT_LOC_STRINGS = NO;
				SWIFT_VERSION = 5.0;
				TARGETED_DEVICE_FAMILY = "1,2";
				TEST_HOST = "$(BUILT_PRODUCTS_DIR)/SafeDriverNote.app/$(BUNDLE_EXECUTABLE_FOLDER_PATH)/SafeDriverNote";
			};
			name = Debug;
		};
		040B64432E52D5BC005307E1 /* Release */ = {
			isa = XCBuildConfiguration;
			buildSettings = {
				BUNDLE_LOADER = "$(TEST_HOST)";
				CODE_SIGN_STYLE = Automatic;
				CURRENT_PROJECT_VERSION = 1;
				GENERATE_INFOPLIST_FILE = YES;
				IPHONEOS_DEPLOYMENT_TARGET = 18.5;
				MARKETING_VERSION = 1.0;
				PRODUCT_BUNDLE_IDENTIFIER = com.chenyuanqi.SafeDriverNoteTests;
				PRODUCT_NAME = "$(TARGET_NAME)";
				SWIFT_EMIT_LOC_STRINGS = NO;
				SWIFT_VERSION = 5.0;
				TARGETED_DEVICE_FAMILY = "1,2";
				TEST_HOST = "$(BUILT_PRODUCTS_DIR)/SafeDriverNote.app/$(BUNDLE_EXECUTABLE_FOLDER_PATH)/SafeDriverNote";
			};
			name = Release;
		};
		040B64452E52D5BC005307E1 /* Debug */ = {
			isa = XCBuildConfiguration;
			buildSettings = {
				CODE_SIGN_STYLE = Automatic;
				CURRENT_PROJECT_VERSION = 1;
				GENERATE_INFOPLIST_FILE = YES;
				MARKETING_VERSION = 1.0;
				PRODUCT_BUNDLE_IDENTIFIER = com.chenyuanqi.SafeDriverNoteUITests;
				PRODUCT_NAME = "$(TARGET_NAME)";
				SWIFT_EMIT_LOC_STRINGS = NO;
				SWIFT_VERSION = 5.0;
				TARGETED_DEVICE_FAMILY = "1,2";
				TEST_TARGET_NAME = SafeDriverNote;
			};
			name = Debug;
		};
		040B64462E52D5BC005307E1 /* Release */ = {
			isa = XCBuildConfiguration;
			buildSettings = {
				CODE_SIGN_STYLE = Automatic;
				CURRENT_PROJECT_VERSION = 1;
				GENERATE_INFOPLIST_FILE = YES;
				MARKETING_VERSION = 1.0;
				PRODUCT_BUNDLE_IDENTIFIER = com.chenyuanqi.SafeDriverNoteUITests;
				PRODUCT_NAME = "$(TARGET_NAME)";
				SWIFT_EMIT_LOC_STRINGS = NO;
				SWIFT_VERSION = 5.0;
				TARGETED_DEVICE_FAMILY = "1,2";
				TEST_TARGET_NAME = SafeDriverNote;
			};
			name = Release;
		};
/* End XCBuildConfiguration section */

/* Begin XCConfigurationList section */
		040B64162E52D5B3005307E1 /* Build configuration list for PBXProject "SafeDriverNote" */ = {
			isa = XCConfigurationList;
			buildConfigurations = (
				040B643C2E52D5BC005307E1 /* Debug */,
				040B643D2E52D5BC005307E1 /* Release */,
			);
			defaultConfigurationIsVisible = 0;
			defaultConfigurationName = Release;
		};
		040B643E2E52D5BC005307E1 /* Build configuration list for PBXNativeTarget "SafeDriverNote" */ = {
			isa = XCConfigurationList;
			buildConfigurations = (
				040B643F2E52D5BC005307E1 /* Debug */,
				040B64402E52D5BC005307E1 /* Release */,
			);
			defaultConfigurationIsVisible = 0;
			defaultConfigurationName = Release;
		};
		040B64412E52D5BC005307E1 /* Build configuration list for PBXNativeTarget "SafeDriverNoteTests" */ = {
			isa = XCConfigurationList;
			buildConfigurations = (
				040B64422E52D5BC005307E1 /* Debug */,
				040B64432E52D5BC005307E1 /* Release */,
			);
			defaultConfigurationIsVisible = 0;
			defaultConfigurationName = Release;
		};
		040B64442E52D5BC005307E1 /* Build configuration list for PBXNativeTarget "SafeDriverNoteUITests" */ = {
			isa = XCConfigurationList;
			buildConfigurations = (
				040B64452E52D5BC005307E1 /* Debug */,
				040B64462E52D5BC005307E1 /* Release */,
			);
			defaultConfigurationIsVisible = 0;
			defaultConfigurationName = Release;
		};
/* End XCConfigurationList section */
	};
	rootObject = 040B64132E52D5B3005307E1 /* Project object */;
}
